
Microsoft Visual Studio Solution File, Format Version 12.00
Project("{FAE04EC0-301F-11D3-BF4B-00C04F79EFBC}") = "Victor_Ferreiras_P1_AP1", "Victor_Ferreiras_P1_AP1\Victor_Ferreiras_P1_AP1.csproj", "{8324B9BB-6EBB-4668-9AF6-12B3A1E496B6}"
EndProject
Global
	GlobalSection(SolutionConfigurationPlatforms) = preSolution
		Debug|Any CPU = Debug|Any CPU
		Release|Any CPU = Release|Any CPU
	EndGlobalSection
	GlobalSection(ProjectConfigurationPlatforms) = postSolution
		{8324B9BB-6EBB-4668-9AF6-12B3A1E496B6}.Debug|Any CPU.ActiveCfg = Debug|Any CPU
		{8324B9BB-6EBB-4668-9AF6-12B3A1E496B6}.Debug|Any CPU.Build.0 = Debug|Any CPU
		{8324B9BB-6EBB-4668-9AF6-12B3A1E496B6}.Release|Any CPU.ActiveCfg = Release|Any CPU
		{8324B9BB-6EBB-4668-9AF6-12B3A1E496B6}.Release|Any CPU.Build.0 = Release|Any CPU
	EndGlobalSection
EndGlobal
